
Microsoft Visual Studio Solution File, Format Version 12.00
# Visual Studio Version 16
VisualStudioVersion = 16.0.32929.386
MinimumVisualStudioVersion = 10.0.40219.1
Project("{FAE04EC0-301F-11D3-BF4B-00C04F79EFBC}") = "QR_Code_Generater", "QR_Code_Generater\QR_Code_Generater.csproj", "{0FA89AD5-3EA4-4AA0-9D0C-1504D236F89B}"
EndProject
Global
	GlobalSection(SolutionConfigurationPlatforms) = preSolution
		Debug|Any CPU = Debug|Any CPU
		Debug|x64 = Debug|x64
		Release|Any CPU = Release|Any CPU
		Release|x64 = Release|x64
	EndGlobalSection
	GlobalSection(ProjectConfigurationPlatforms) = postSolution
		{0FA89AD5-3EA4-4AA0-9D0C-1504D236F89B}.Debug|Any CPU.ActiveCfg = Debug|Any CPU
		{0FA89AD5-3EA4-4AA0-9D0C-1504D236F89B}.Debug|Any CPU.Build.0 = Debug|Any CPU
		{0FA89AD5-3EA4-4AA0-9D0C-1504D236F89B}.Debug|x64.ActiveCfg = Debug|x64
		{0FA89AD5-3EA4-4AA0-9D0C-1504D236F89B}.Debug|x64.Build.0 = Debug|x64
		{0FA89AD5-3EA4-4AA0-9D0C-1504D236F89B}.Release|Any CPU.ActiveCfg = Release|Any CPU
		{0FA89AD5-3EA4-4AA0-9D0C-1504D236F89B}.Release|Any CPU.Build.0 = Release|Any CPU
		{0FA89AD5-3EA4-4AA0-9D0C-1504D236F89B}.Release|x64.ActiveCfg = Release|x64
		{0FA89AD5-3EA4-4AA0-9D0C-1504D236F89B}.Release|x64.Build.0 = Release|x64
	EndGlobalSection
	GlobalSection(SolutionProperties) = preSolution
		HideSolutionNode = FALSE
	EndGlobalSection
	GlobalSection(ExtensibilityGlobals) = postSolution
		SolutionGuid = {4B2C3977-DDC4-4600-B604-4788B7B1F865}
	EndGlobalSection
EndGlobal
